
Microsoft Visual Studio Solution File, Format Version 12.00
# Visual Studio Version 16
VisualStudioVersion = 16.0.30711.63
MinimumVisualStudioVersion = 10.0.40219.1
Project("{FAE04EC0-301F-11D3-BF4B-00C04F79EFBC}") = "NubeoLib", "NubeoLib\NubeoLib.csproj", "{4BD47E69-76A7-4BD8-B2A7-AADD199E33FB}"
EndProject
Global
	GlobalSection(SolutionConfigurationPlatforms) = preSolution
		Debug|Any CPU = Debug|Any CPU
		Release|Any CPU = Release|Any CPU
	EndGlobalSection
	GlobalSection(ProjectConfigurationPlatforms) = postSolution
		{4BD47E69-76A7-4BD8-B2A7-AADD199E33FB}.Debug|Any CPU.ActiveCfg = Debug|Any CPU
		{4BD47E69-76A7-4BD8-B2A7-AADD199E33FB}.Debug|Any CPU.Build.0 = Debug|Any CPU
		{4BD47E69-76A7-4BD8-B2A7-AADD199E33FB}.Release|Any CPU.ActiveCfg = Release|Any CPU
		{4BD47E69-76A7-4BD8-B2A7-AADD199E33FB}.Release|Any CPU.Build.0 = Release|Any CPU
	EndGlobalSection
	GlobalSection(SolutionProperties) = preSolution
		HideSolutionNode = FALSE
	EndGlobalSection
	GlobalSection(ExtensibilityGlobals) = postSolution
		SolutionGuid = {C19373CA-9ED2-4B49-93E8-619E10FE53C8}
	EndGlobalSection
EndGlobal
